
Microsoft Visual Studio Solution File, Format Version 12.00
# Visual Studio Version 17
VisualStudioVersion = 17.0.32014.148
MinimumVisualStudioVersion = 10.0.40219.1
Project("{FAE04EC0-301F-11D3-BF4B-00C04F79EFBC}") = "driving5", "driving5.csproj", "{30446D8B-CD4E-454D-935E-343736073686}"
EndProject
Global
	GlobalSection(SolutionConfigurationPlatforms) = preSolution
		Debug|Any CPU = Debug|Any CPU
		Release|Any CPU = Release|Any CPU
	EndGlobalSection
	GlobalSection(ProjectConfigurationPlatforms) = postSolution
		{30446D8B-CD4E-454D-935E-343736073686}.Debug|Any CPU.ActiveCfg = Debug|Any CPU
		{30446D8B-CD4E-454D-935E-343736073686}.Debug|Any CPU.Build.0 = Debug|Any CPU
		{30446D8B-CD4E-454D-935E-343736073686}.Release|Any CPU.ActiveCfg = Release|Any CPU
		{30446D8B-CD4E-454D-935E-343736073686}.Release|Any CPU.Build.0 = Release|Any CPU
	EndGlobalSection
	GlobalSection(SolutionProperties) = preSolution
		HideSolutionNode = FALSE
	EndGlobalSection
	GlobalSection(ExtensibilityGlobals) = postSolution
		SolutionGuid = {F51F0F2A-D48A-4364-8FD0-C8F54179B528}
	EndGlobalSection
EndGlobal
